
Microsoft Visual Studio Solution File, Format Version 12.00
# Visual Studio Version 17
VisualStudioVersion = 17.8.34219.65
MinimumVisualStudioVersion = 10.0.40219.1
Project("{FAE04EC0-301F-11D3-BF4B-00C04F79EFBC}") = "mianginn", "mianginn\mianginn.csproj", "{F0DBE282-DEE2-4193-BABB-0B7E58D8AC46}"
EndProject
Global
	GlobalSection(SolutionConfigurationPlatforms) = preSolution
		Debug|Any CPU = Debug|Any CPU
		Release|Any CPU = Release|Any CPU
	EndGlobalSection
	GlobalSection(ProjectConfigurationPlatforms) = postSolution
		{F0DBE282-DEE2-4193-BABB-0B7E58D8AC46}.Debug|Any CPU.ActiveCfg = Debug|Any CPU
		{F0DBE282-DEE2-4193-BABB-0B7E58D8AC46}.Debug|Any CPU.Build.0 = Debug|Any CPU
		{F0DBE282-DEE2-4193-BABB-0B7E58D8AC46}.Release|Any CPU.ActiveCfg = Release|Any CPU
		{F0DBE282-DEE2-4193-BABB-0B7E58D8AC46}.Release|Any CPU.Build.0 = Release|Any CPU
	EndGlobalSection
	GlobalSection(SolutionProperties) = preSolution
		HideSolutionNode = FALSE
	EndGlobalSection
	GlobalSection(ExtensibilityGlobals) = postSolution
		SolutionGuid = {A6FEEA3C-F8C1-4FDD-8A44-6325F0DA2725}
	EndGlobalSection
EndGlobal
